{
  "name": "band-bluetooth-sdk-demo",
  "version": "1.0.0",
  "lockfileVersion": 1,
  "requires": true,
  "dependencies": {
    "band-bluetooth-sdk": {
      "version": "0.1.1",
      "resolved": "https://registry.npmmirror.com/band-bluetooth-sdk/-/band-bluetooth-sdk-0.1.1.tgz",
      "integrity": "sha512-hGPssSY7IgSxVgcPv1BUJfRmlYMY8TJNpGgmK+rB2qYNjOUCIm/LVkE7Qat9uHyJEKDMhPUo80LJv89gVCD8cw=="
    }
  }
}
