# THIS IS AN AUTOGENERATED FILE. DO NOT EDIT THIS FILE DIRECTLY.
# yarn lockfile v1


band-bluetooth-sdk@0.0.1-alpha.4:
  version "0.0.1-alpha.4"
  resolved "https://registry.yarnpkg.com/band-bluetooth-sdk/-/band-bluetooth-sdk-0.0.1-alpha.4.tgz#b57ed76c936694b9eb34b7df3eec5fbf1b9855a4"
  integrity sha512-WZvq/q5di4ThvP9JDIxW3DXGhA5uSlzAq/OmdSM4Q1Yv/GCxrViOUMmOLEvu2dEDtrCFLTpNBfTZzQc1eFhtkA==
